
Microsoft Visual Studio Solution File, Format Version 12.00
# Visual Studio Version 17
VisualStudioVersion = 17.6.33723.286
MinimumVisualStudioVersion = 10.0.40219.1
Project("{8BC9CEB8-8B4A-11D0-8D11-00A0C91BC942}") = "Letter_Frequency", "Letter_Frequency.vcxproj", "{F0D91E9D-D0EB-46A0-BACA-BF0278FFAEB4}"
EndProject
Project("{8BC9CEB8-8B4A-11D0-8D11-00A0C91BC942}") = "ReplaceLetter", "..\ReplaceLetter\ReplaceLetter.vcxproj", "{97B44B84-F839-4882-B9AD-2DE9BFA6C1CA}"
EndProject
Global
	GlobalSection(SolutionConfigurationPlatforms) = preSolution
		Debug|x64 = Debug|x64
		Debug|x86 = Debug|x86
		Release|x64 = Release|x64
		Release|x86 = Release|x86
	EndGlobalSection
	GlobalSection(ProjectConfigurationPlatforms) = postSolution
		{F0D91E9D-D0EB-46A0-BACA-BF0278FFAEB4}.Debug|x64.ActiveCfg = Debug|x64
		{F0D91E9D-D0EB-46A0-BACA-BF0278FFAEB4}.Debug|x64.Build.0 = Debug|x64
		{F0D91E9D-D0EB-46A0-BACA-BF0278FFAEB4}.Debug|x86.ActiveCfg = Debug|Win32
		{F0D91E9D-D0EB-46A0-BACA-BF0278FFAEB4}.Debug|x86.Build.0 = Debug|Win32
		{F0D91E9D-D0EB-46A0-BACA-BF0278FFAEB4}.Release|x64.ActiveCfg = Release|x64
		{F0D91E9D-D0EB-46A0-BACA-BF0278FFAEB4}.Release|x64.Build.0 = Release|x64
		{F0D91E9D-D0EB-46A0-BACA-BF0278FFAEB4}.Release|x86.ActiveCfg = Release|Win32
		{F0D91E9D-D0EB-46A0-BACA-BF0278FFAEB4}.Release|x86.Build.0 = Release|Win32
		{97B44B84-F839-4882-B9AD-2DE9BFA6C1CA}.Debug|x64.ActiveCfg = Debug|x64
		{97B44B84-F839-4882-B9AD-2DE9BFA6C1CA}.Debug|x64.Build.0 = Debug|x64
		{97B44B84-F839-4882-B9AD-2DE9BFA6C1CA}.Debug|x86.ActiveCfg = Debug|Win32
		{97B44B84-F839-4882-B9AD-2DE9BFA6C1CA}.Debug|x86.Build.0 = Debug|Win32
		{97B44B84-F839-4882-B9AD-2DE9BFA6C1CA}.Release|x64.ActiveCfg = Release|x64
		{97B44B84-F839-4882-B9AD-2DE9BFA6C1CA}.Release|x64.Build.0 = Release|x64
		{97B44B84-F839-4882-B9AD-2DE9BFA6C1CA}.Release|x86.ActiveCfg = Release|Win32
		{97B44B84-F839-4882-B9AD-2DE9BFA6C1CA}.Release|x86.Build.0 = Release|Win32
	EndGlobalSection
	GlobalSection(SolutionProperties) = preSolution
		HideSolutionNode = FALSE
	EndGlobalSection
	GlobalSection(ExtensibilityGlobals) = postSolution
		SolutionGuid = {28DBD67B-C51A-4517-B0BF-97803D123901}
	EndGlobalSection
EndGlobal
